
Microsoft Visual Studio Solution File, Format Version 12.00
# Visual Studio Version 17
VisualStudioVersion = 17.8.34408.163
MinimumVisualStudioVersion = 10.0.40219.1
Project("{FAE04EC0-301F-11D3-BF4B-00C04F79EFBC}") = "MvcStartApp", "MvcStartApp\MvcStartApp.csproj", "{065C3022-5628-450B-9AF5-434FA1C7564A}"
EndProject
Global
	GlobalSection(SolutionConfigurationPlatforms) = preSolution
		Debug|Any CPU = Debug|Any CPU
		Release|Any CPU = Release|Any CPU
	EndGlobalSection
	GlobalSection(ProjectConfigurationPlatforms) = postSolution
		{065C3022-5628-450B-9AF5-434FA1C7564A}.Debug|Any CPU.ActiveCfg = Debug|Any CPU
		{065C3022-5628-450B-9AF5-434FA1C7564A}.Debug|Any CPU.Build.0 = Debug|Any CPU
		{065C3022-5628-450B-9AF5-434FA1C7564A}.Release|Any CPU.ActiveCfg = Release|Any CPU
		{065C3022-5628-450B-9AF5-434FA1C7564A}.Release|Any CPU.Build.0 = Release|Any CPU
	EndGlobalSection
	GlobalSection(SolutionProperties) = preSolution
		HideSolutionNode = FALSE
	EndGlobalSection
	GlobalSection(ExtensibilityGlobals) = postSolution
		SolutionGuid = {DF9214BF-ED49-44EC-A081-8561C145E2C8}
	EndGlobalSection
EndGlobal
